
Microsoft Visual Studio Solution File, Format Version 9.00
# Visual Studio 2005
Project("{FAE04EC0-301F-11D3-BF4B-00C04F79EFBC}") = "GarudaWEB", "GarudaWEB\GarudaWEB.csproj", "{C9120F89-EBF6-4953-B443-960F5498513A}"
EndProject
Project("{E24C65DC-7377-472B-9ABA-BC803B73C61A}") = "C:\...\GarudaWEB\", ".", "{CAA7CA1F-7302-4599-B25E-49C9E53EBD0C}"
	ProjectSection(WebsiteProperties) = preProject
		Debug.AspNetCompiler.VirtualPath = "/GarudaWEB"
		Debug.AspNetCompiler.PhysicalPath = "..\GarudaWEB\"
		Debug.AspNetCompiler.TargetPath = "PrecompiledWeb\GarudaWEB\"
		Debug.AspNetCompiler.Updateable = "true"
		Debug.AspNetCompiler.ForceOverwrite = "true"
		Debug.AspNetCompiler.FixedNames = "false"
		Debug.AspNetCompiler.Debug = "True"
		Release.AspNetCompiler.VirtualPath = "/GarudaWEB"
		Release.AspNetCompiler.PhysicalPath = "..\GarudaWEB\"
		Release.AspNetCompiler.TargetPath = "PrecompiledWeb\GarudaWEB\"
		Release.AspNetCompiler.Updateable = "true"
		Release.AspNetCompiler.ForceOverwrite = "true"
		Release.AspNetCompiler.FixedNames = "false"
		Release.AspNetCompiler.Debug = "False"
		VWDPort = "7942"
	EndProjectSection
EndProject
Global
	GlobalSection(SolutionConfigurationPlatforms) = preSolution
		Debug|.NET = Debug|.NET
		Debug|Any CPU = Debug|Any CPU
		Release|.NET = Release|.NET
		Release|Any CPU = Release|Any CPU
	EndGlobalSection
	GlobalSection(ProjectConfigurationPlatforms) = postSolution
		{C9120F89-EBF6-4953-B443-960F5498513A}.Debug|.NET.ActiveCfg = Debug|Any CPU
		{C9120F89-EBF6-4953-B443-960F5498513A}.Debug|Any CPU.ActiveCfg = Debug|Any CPU
		{C9120F89-EBF6-4953-B443-960F5498513A}.Debug|Any CPU.Build.0 = Debug|Any CPU
		{C9120F89-EBF6-4953-B443-960F5498513A}.Release|.NET.ActiveCfg = Release|Any CPU
		{C9120F89-EBF6-4953-B443-960F5498513A}.Release|Any CPU.ActiveCfg = Release|Any CPU
		{C9120F89-EBF6-4953-B443-960F5498513A}.Release|Any CPU.Build.0 = Release|Any CPU
		{CAA7CA1F-7302-4599-B25E-49C9E53EBD0C}.Debug|.NET.ActiveCfg = Debug|.NET
		{CAA7CA1F-7302-4599-B25E-49C9E53EBD0C}.Debug|.NET.Build.0 = Debug|.NET
		{CAA7CA1F-7302-4599-B25E-49C9E53EBD0C}.Debug|Any CPU.ActiveCfg = Debug|.NET
		{CAA7CA1F-7302-4599-B25E-49C9E53EBD0C}.Release|.NET.ActiveCfg = Debug|.NET
		{CAA7CA1F-7302-4599-B25E-49C9E53EBD0C}.Release|.NET.Build.0 = Debug|.NET
		{CAA7CA1F-7302-4599-B25E-49C9E53EBD0C}.Release|Any CPU.ActiveCfg = Debug|.NET
	EndGlobalSection
	GlobalSection(SolutionProperties) = preSolution
		HideSolutionNode = FALSE
	EndGlobalSection
EndGlobal
